
Microsoft Visual Studio Solution File, Format Version 12.00
# Visual Studio Version 16
VisualStudioVersion = 16.0.30804.86
MinimumVisualStudioVersion = 10.0.40219.1
Project("{FAE04EC0-301F-11D3-BF4B-00C04F79EFBC}") = "DemoConnectPostgres", "DemoConnectPostgres\DemoConnectPostgres.csproj", "{493EBFDA-5D63-4257-BE30-1B4377CFCBB1}"
EndProject
Global
	GlobalSection(SolutionConfigurationPlatforms) = preSolution
		Debug|Any CPU = Debug|Any CPU
		Release|Any CPU = Release|Any CPU
	EndGlobalSection
	GlobalSection(ProjectConfigurationPlatforms) = postSolution
		{493EBFDA-5D63-4257-BE30-1B4377CFCBB1}.Debug|Any CPU.ActiveCfg = Debug|Any CPU
		{493EBFDA-5D63-4257-BE30-1B4377CFCBB1}.Debug|Any CPU.Build.0 = Debug|Any CPU
		{493EBFDA-5D63-4257-BE30-1B4377CFCBB1}.Release|Any CPU.ActiveCfg = Release|Any CPU
		{493EBFDA-5D63-4257-BE30-1B4377CFCBB1}.Release|Any CPU.Build.0 = Release|Any CPU
	EndGlobalSection
	GlobalSection(SolutionProperties) = preSolution
		HideSolutionNode = FALSE
	EndGlobalSection
	GlobalSection(ExtensibilityGlobals) = postSolution
		SolutionGuid = {F51B6AD1-449A-4C2C-A81D-67B0A0B2A9A2}
	EndGlobalSection
EndGlobal
